PODS:
  - HexColors (3.1.1)
  - Masonry (0.6.4)

DEPENDENCIES:
  - HexColors (~> 3.0)
  - Masonry (~> 0.6.3)

SPEC CHECKSUMS:
  HexColors: d837cebe691e52c867d401ecd2374111add5445f
  Masonry: 281802d04d787ea2973179ee8bcb50500579ede2

PODFILE CHECKSUM: ba993a1eb31f2d8d78d30ad14d61b95fbaa97d7f

COCOAPODS: 1.1.1
